# This file is autogenerated, do not edit; changes may be undone by the next 'dep ensure'.


[[projects]]
  name = "github.com/garyburd/redigo"
  packages = ["internal","redis"]
  revision = "433969511232c397de61b1442f9fd49ec06ae9ba"
  version = "v1.1.0"

[[projects]]
  name = "github.com/go-redis/redis"
  packages = [".","internal","internal/consistenthash","internal/hashtag","internal/pool","internal/proto"]
  revision = "fdafb11e5fa5d52d965e12073c8a58468c98ebe2"
  version = "v6.6.1"

[solve-meta]
  analyzer-name = "dep"
  analyzer-version = 1
  inputs-digest = "da58e379490bd3591342e09c18599de7bf131c120c4b1ed1a309306a37ab1609"
  solver-name = "gps-cdcl"
  solver-version = 1
